<?xml version="1.0"?>
<Project ToolsVersion="4.0" xmlns="http://schemas.microsoft.com/developer/msbuild/2003">
	<ItemGroup>
		<ClCompile Include="src\ofApp.cpp">
			<Filter>src</Filter>
		</ClCompile>
		<ClCompile Include="src\main.cpp">
			<Filter>src</Filter>
		</ClCompile>
		<ClCompile Include="src\bufferLoggerChannel.cpp">
			<Filter>src</Filter>
		</ClCompile>
		<ClCompile Include="src\elementOscilator.cpp">
			<Filter>src</Filter>
		</ClCompile>
		<ClCompile Include="src\main.cpp">
			<Filter>src</Filter>
		</ClCompile>
		<ClCompile Include="src\masterControl.cpp">
			<Filter>src</Filter>
		</ClCompile>
		<ClCompile Include="src\ofApp.cpp">
			<Filter>src</Filter>
		</ClCompile>
		<ClCompile Include="src\parametersControl.cpp">
			<Filter>src</Filter>
		</ClCompile>
		<ClCompile Include="src\phasorClass.cpp">
			<Filter>src</Filter>
		</ClCompile>
		<ClCompile Include="src\Wave2DControl.cpp">
			<Filter>src</Filter>
		</ClCompile>
		<ClCompile Include="..\..\..\addons\ofxCurvesTool\src\CurveLut.cpp">
			<Filter>addons\ofxCurvesTool\src</Filter>
		</ClCompile>
		<ClCompile Include="..\..\..\addons\ofxCurvesTool\src\ofxCurvesTool.cpp">
			<Filter>addons\ofxCurvesTool\src</Filter>
		</ClCompile>
		<ClCompile Include="..\..\..\addons\ofxDatGui_PM\src\core\ofxDatGuiComponent.cpp">
			<Filter>addons\ofxDatGui_PM\src\core</Filter>
		</ClCompile>
		<ClCompile Include="..\..\..\addons\ofxDatGui_PM\src\libs\ofxSmartFont\ofxSmartFont.cpp">
			<Filter>addons\ofxDatGui_PM\src\libs\ofxSmartFont</Filter>
		</ClCompile>
		<ClCompile Include="..\..\..\addons\ofxDatGui_PM\src\ofxDatGui.cpp">
			<Filter>addons\ofxDatGui_PM\src</Filter>
		</ClCompile>
		<ClCompile Include="..\..\..\addons\ofxMidi\src\desktop\ofxRtMidiIn.cpp">
			<Filter>addons\ofxMidi\src\desktop</Filter>
		</ClCompile>
		<ClCompile Include="..\..\..\addons\ofxMidi\src\desktop\ofxRtMidiOut.cpp">
			<Filter>addons\ofxMidi\src\desktop</Filter>
		</ClCompile>
		<ClCompile Include="..\..\..\addons\ofxMidi\src\ofxBaseMidi.cpp">
			<Filter>addons\ofxMidi\src</Filter>
		</ClCompile>
		<ClCompile Include="..\..\..\addons\ofxMidi\src\ofxMidi.cpp">
			<Filter>addons\ofxMidi\src</Filter>
		</ClCompile>
		<ClCompile Include="..\..\..\addons\ofxMidi\src\ofxMidiIn.cpp">
			<Filter>addons\ofxMidi\src</Filter>
		</ClCompile>
		<ClCompile Include="..\..\..\addons\ofxMidi\src\ofxMidiMessage.cpp">
			<Filter>addons\ofxMidi\src</Filter>
		</ClCompile>
		<ClCompile Include="..\..\..\addons\ofxMidi\src\ofxMidiOut.cpp">
			<Filter>addons\ofxMidi\src</Filter>
		</ClCompile>
		<ClCompile Include="..\..\..\addons\ofxMidi\libs\rtmidi\RtMidi.cpp">
			<Filter>addons\ofxMidi\libs\rtmidi</Filter>
		</ClCompile>
		<ClCompile Include="..\..\..\addons\ofxOsc\src\ofxOscBundle.cpp">
			<Filter>addons\ofxOsc\src</Filter>
		</ClCompile>
		<ClCompile Include="..\..\..\addons\ofxOsc\src\ofxOscMessage.cpp">
			<Filter>addons\ofxOsc\src</Filter>
		</ClCompile>
		<ClCompile Include="..\..\..\addons\ofxOsc\src\ofxOscParameterSync.cpp">
			<Filter>addons\ofxOsc\src</Filter>
		</ClCompile>
		<ClCompile Include="..\..\..\addons\ofxOsc\src\ofxOscReceiver.cpp">
			<Filter>addons\ofxOsc\src</Filter>
		</ClCompile>
		<ClCompile Include="..\..\..\addons\ofxOsc\src\ofxOscSender.cpp">
			<Filter>addons\ofxOsc\src</Filter>
		</ClCompile>
		<ClCompile Include="..\..\..\addons\ofxOsc\libs\oscpack\src\ip\IpEndpointName.cpp">
			<Filter>addons\ofxOsc\libs\oscpack\src\ip</Filter>
		</ClCompile>
		<ClCompile Include="..\..\..\addons\ofxOsc\libs\oscpack\src\ip\win32\NetworkingUtils.cpp">
			<Filter>addons\ofxOsc\libs\oscpack\src\ip\win32</Filter>
		</ClCompile>
		<ClCompile Include="..\..\..\addons\ofxOsc\libs\oscpack\src\ip\win32\UdpSocket.cpp">
			<Filter>addons\ofxOsc\libs\oscpack\src\ip\win32</Filter>
		</ClCompile>
		<ClCompile Include="..\..\..\addons\ofxOsc\libs\oscpack\src\osc\OscOutboundPacketStream.cpp">
			<Filter>addons\ofxOsc\libs\oscpack\src\osc</Filter>
		</ClCompile>
		<ClCompile Include="..\..\..\addons\ofxOsc\libs\oscpack\src\osc\OscPrintReceivedElements.cpp">
			<Filter>addons\ofxOsc\libs\oscpack\src\osc</Filter>
		</ClCompile>
		<ClCompile Include="..\..\..\addons\ofxOsc\libs\oscpack\src\osc\OscReceivedElements.cpp">
			<Filter>addons\ofxOsc\libs\oscpack\src\osc</Filter>
		</ClCompile>
		<ClCompile Include="..\..\..\addons\ofxOsc\libs\oscpack\src\osc\OscTypes.cpp">
			<Filter>addons\ofxOsc\libs\oscpack\src\osc</Filter>
		</ClCompile>
		<ClCompile Include="..\..\..\addons\ofxSpout\src\ofxSpout\Receiver.cpp">
			<Filter>addons\ofxSpout\src\ofxSpout</Filter>
		</ClCompile>
		<ClCompile Include="..\..\..\addons\ofxSpout\src\ofxSpout\Sender.cpp">
			<Filter>addons\ofxSpout\src\ofxSpout</Filter>
		</ClCompile>
		<ClCompile Include="..\..\..\addons\ofxSpout\src\ofxSpout\Utils.cpp">
			<Filter>addons\ofxSpout\src\ofxSpout</Filter>
		</ClCompile>
		<ClCompile Include="..\..\..\addons\ofxSpout\libs\SpoutSDK\src\SpoutDirectX.cpp">
			<Filter>addons\ofxSpout\libs\SpoutSDK\src</Filter>
		</ClCompile>
		<ClCompile Include="..\..\..\addons\ofxSpout\libs\SpoutSDK\src\SpoutGLDXinterop.cpp">
			<Filter>addons\ofxSpout\libs\SpoutSDK\src</Filter>
		</ClCompile>
		<ClCompile Include="..\..\..\addons\ofxSpout\libs\SpoutSDK\src\SpoutGLextensions.cpp">
			<Filter>addons\ofxSpout\libs\SpoutSDK\src</Filter>
		</ClCompile>
		<ClCompile Include="..\..\..\addons\ofxSpout\libs\SpoutSDK\src\SpoutMemoryShare.cpp">
			<Filter>addons\ofxSpout\libs\SpoutSDK\src</Filter>
		</ClCompile>
		<ClCompile Include="..\..\..\addons\ofxSpout\libs\SpoutSDK\src\SpoutReceiver.cpp">
			<Filter>addons\ofxSpout\libs\SpoutSDK\src</Filter>
		</ClCompile>
		<ClCompile Include="..\..\..\addons\ofxSpout\libs\SpoutSDK\src\SpoutSDK.cpp">
			<Filter>addons\ofxSpout\libs\SpoutSDK\src</Filter>
		</ClCompile>
		<ClCompile Include="..\..\..\addons\ofxSpout\libs\SpoutSDK\src\SpoutSender.cpp">
			<Filter>addons\ofxSpout\libs\SpoutSDK\src</Filter>
		</ClCompile>
		<ClCompile Include="..\..\..\addons\ofxSpout\libs\SpoutSDK\src\SpoutSenderNames.cpp">
			<Filter>addons\ofxSpout\libs\SpoutSDK\src</Filter>
		</ClCompile>
		<ClCompile Include="..\..\..\addons\ofxSpout\libs\SpoutSDK\src\SpoutSharedMemory.cpp">
			<Filter>addons\ofxSpout\libs\SpoutSDK\src</Filter>
		</ClCompile>
		<ClCompile Include="..\..\..\addons\ofxTweenzor\src\Tween.cpp">
			<Filter>addons\ofxTweenzor\src</Filter>
		</ClCompile>
		<ClCompile Include="..\..\..\addons\ofxTweenzor\src\Tweenzor.cpp">
			<Filter>addons\ofxTweenzor\src</Filter>
		</ClCompile>
	</ItemGroup>
	<ItemGroup>
		<Filter Include="src">
			<UniqueIdentifier>{d8376475-7454-4a24-b08a-aac121d3ad6f}</UniqueIdentifier>
		</Filter>
		<Filter Include="addons">
			<UniqueIdentifier>{71834F65-F3A9-211E-73B8-DC85}</UniqueIdentifier>
		</Filter>
		<Filter Include="addons\ofxCurvesTool">
			<UniqueIdentifier>{125BA1A5-1AAC-DAB4-76FE-E7AF}</UniqueIdentifier>
		</Filter>
		<Filter Include="addons\ofxCurvesTool\src">
			<UniqueIdentifier>{7EC6BEEA-0CA5-414A-8F83-7EB2}</UniqueIdentifier>
		</Filter>
		<Filter Include="addons\ofxDatGui_PM">
			<UniqueIdentifier>{01293801-C034-99D5-F578-8F36}</UniqueIdentifier>
		</Filter>
		<Filter Include="addons\ofxDatGui_PM\src">
			<UniqueIdentifier>{05D01662-40FD-ED5F-61A5-731C}</UniqueIdentifier>
		</Filter>
		<Filter Include="addons\ofxDatGui_PM\src\components">
			<UniqueIdentifier>{7F558F1E-F5CA-0893-415C-C659}</UniqueIdentifier>
		</Filter>
		<Filter Include="addons\ofxDatGui_PM\src\core">
			<UniqueIdentifier>{4E3F84A4-36EE-8CEF-C8A9-B623}</UniqueIdentifier>
		</Filter>
		<Filter Include="addons\ofxDatGui_PM\src\libs">
			<UniqueIdentifier>{E9F57642-3AD4-F868-FFE2-7887}</UniqueIdentifier>
		</Filter>
		<Filter Include="addons\ofxDatGui_PM\src\libs\ofxSmartFont">
			<UniqueIdentifier>{62A86B9E-F689-B9F1-5D42-4E03}</UniqueIdentifier>
		</Filter>
		<Filter Include="addons\ofxDatGui_PM\src\themes">
			<UniqueIdentifier>{9FA978D4-CA0B-987D-E513-BB4A}</UniqueIdentifier>
		</Filter>
		<Filter Include="addons\ofxExprtk">
			<UniqueIdentifier>{40C3519B-0338-02E9-9605-58A3}</UniqueIdentifier>
		</Filter>
		<Filter Include="addons\ofxExprtk\src">
			<UniqueIdentifier>{6803F6B9-F0C8-064E-63AB-CBB7}</UniqueIdentifier>
		</Filter>
		<Filter Include="addons\ofxExprtk\libs">
			<UniqueIdentifier>{66C6E047-942F-0D6F-C12C-8532}</UniqueIdentifier>
		</Filter>
		<Filter Include="addons\ofxExprtk\libs\exprtk">
			<UniqueIdentifier>{0377F84B-B8E5-EBDF-762D-C36E}</UniqueIdentifier>
		</Filter>
		<Filter Include="addons\ofxMidi">
			<UniqueIdentifier>{4DF4D977-A753-531B-5057-9AC1}</UniqueIdentifier>
		</Filter>
		<Filter Include="addons\ofxMidi\src">
			<UniqueIdentifier>{7EED8620-FDD5-520C-3F5D-2677}</UniqueIdentifier>
		</Filter>
		<Filter Include="addons\ofxMidi\src\desktop">
			<UniqueIdentifier>{03CA45A4-AB22-A57E-895E-C6BC}</UniqueIdentifier>
		</Filter>
		<Filter Include="addons\ofxMidi\libs">
			<UniqueIdentifier>{B8086AD6-372B-1A12-88A6-74F9}</UniqueIdentifier>
		</Filter>
		<Filter Include="addons\ofxMidi\libs\rtmidi">
			<UniqueIdentifier>{8E6C5628-3502-6F01-4B1D-AEAE}</UniqueIdentifier>
		</Filter>
		<Filter Include="addons\ofxOsc">
			<UniqueIdentifier>{D91DCA33-6E5D-4481-2AEC-9FBB}</UniqueIdentifier>
		</Filter>
		<Filter Include="addons\ofxOsc\src">
			<UniqueIdentifier>{B9DD339A-D93D-92A1-0A2F-4B41}</UniqueIdentifier>
		</Filter>
		<Filter Include="addons\ofxOsc\libs">
			<UniqueIdentifier>{99ECA1D9-873F-4622-8FC0-FC7B}</UniqueIdentifier>
		</Filter>
		<Filter Include="addons\ofxOsc\libs\oscpack">
			<UniqueIdentifier>{D3A98534-1602-4FEF-57A6-6593}</UniqueIdentifier>
		</Filter>
		<Filter Include="addons\ofxOsc\libs\oscpack\src">
			<UniqueIdentifier>{BFB5BB47-98C8-BBCB-3066-1046}</UniqueIdentifier>
		</Filter>
		<Filter Include="addons\ofxOsc\libs\oscpack\src\ip">
			<UniqueIdentifier>{5A029128-EB41-95C5-CBC0-CDED}</UniqueIdentifier>
		</Filter>
		<Filter Include="addons\ofxOsc\libs\oscpack\src\ip\win32">
			<UniqueIdentifier>{79DFDFE2-400B-8654-3675-01A3}</UniqueIdentifier>
		</Filter>
		<Filter Include="addons\ofxOsc\libs\oscpack\src\osc">
			<UniqueIdentifier>{EDACB89C-9768-9551-4D41-B590}</UniqueIdentifier>
		</Filter>
		<Filter Include="addons\ofxSpout">
			<UniqueIdentifier>{F4DD1F4F-E479-F60E-B010-30BD}</UniqueIdentifier>
		</Filter>
		<Filter Include="addons\ofxSpout\src">
			<UniqueIdentifier>{836FBDC0-375C-97EA-F6ED-9730}</UniqueIdentifier>
		</Filter>
		<Filter Include="addons\ofxSpout\src\ofxSpout">
			<UniqueIdentifier>{E7ABD4B0-4F90-69C0-118F-5894}</UniqueIdentifier>
		</Filter>
		<Filter Include="addons\ofxSpout\libs">
			<UniqueIdentifier>{7070A9E6-A71C-4358-F0E4-3D28}</UniqueIdentifier>
		</Filter>
		<Filter Include="addons\ofxSpout\libs\SpoutSDK">
			<UniqueIdentifier>{DBA8F4A5-5C4B-6BC3-C55A-E264}</UniqueIdentifier>
		</Filter>
		<Filter Include="addons\ofxSpout\libs\SpoutSDK\src">
			<UniqueIdentifier>{CC43A1EC-9F74-499A-D230-67A8}</UniqueIdentifier>
		</Filter>
		<Filter Include="addons\ofxTweenzor">
			<UniqueIdentifier>{01C39FF4-5B53-3070-C89A-1750}</UniqueIdentifier>
		</Filter>
		<Filter Include="addons\ofxTweenzor\src">
			<UniqueIdentifier>{5D58D81D-C685-E91E-0E62-80F4}</UniqueIdentifier>
		</Filter>
	</ItemGroup>
	<ItemGroup>
		<ClInclude Include="src\ofApp.h">
			<Filter>src</Filter>
		</ClInclude>
		<ClInclude Include="src\bufferLoggerChannel.h">
			<Filter>src</Filter>
		</ClInclude>
		<ClInclude Include="src\elementOscilator.h">
			<Filter>src</Filter>
		</ClInclude>
		<ClInclude Include="src\masterControl.h">
			<Filter>src</Filter>
		</ClInclude>
		<ClInclude Include="src\ofApp.h">
			<Filter>src</Filter>
		</ClInclude>
		<ClInclude Include="src\parametersControl.h">
			<Filter>src</Filter>
		</ClInclude>
		<ClInclude Include="src\phasorClass.h">
			<Filter>src</Filter>
		</ClInclude>
		<ClInclude Include="src\Wave2DControl.h">
			<Filter>src</Filter>
		</ClInclude>
		<ClInclude Include="..\..\..\addons\ofxCurvesTool\src\CurveLut.h">
			<Filter>addons\ofxCurvesTool\src</Filter>
		</ClInclude>
		<ClInclude Include="..\..\..\addons\ofxCurvesTool\src\ofxCurvesTool.h">
			<Filter>addons\ofxCurvesTool\src</Filter>
		</ClInclude>
		<ClInclude Include="..\..\..\addons\ofxDatGui_PM\src\components\ofxDatGui2dPad.h">
			<Filter>addons\ofxDatGui_PM\src\components</Filter>
		</ClInclude>
		<ClInclude Include="..\..\..\addons\ofxDatGui_PM\src\components\ofxDatGuiButton.h">
			<Filter>addons\ofxDatGui_PM\src\components</Filter>
		</ClInclude>
		<ClInclude Include="..\..\..\addons\ofxDatGui_PM\src\components\ofxDatGuiColorPicker.h">
			<Filter>addons\ofxDatGui_PM\src\components</Filter>
		</ClInclude>
		<ClInclude Include="..\..\..\addons\ofxDatGui_PM\src\components\ofxDatGuiControls.h">
			<Filter>addons\ofxDatGui_PM\src\components</Filter>
		</ClInclude>
		<ClInclude Include="..\..\..\addons\ofxDatGui_PM\src\components\ofxDatGuiFRM.h">
			<Filter>addons\ofxDatGui_PM\src\components</Filter>
		</ClInclude>
		<ClInclude Include="..\..\..\addons\ofxDatGui_PM\src\components\ofxDatGuiGroups.h">
			<Filter>addons\ofxDatGui_PM\src\components</Filter>
		</ClInclude>
		<ClInclude Include="..\..\..\addons\ofxDatGui_PM\src\components\ofxDatGuiLabel.h">
			<Filter>addons\ofxDatGui_PM\src\components</Filter>
		</ClInclude>
		<ClInclude Include="..\..\..\addons\ofxDatGui_PM\src\components\ofxDatGuiMatrix.h">
			<Filter>addons\ofxDatGui_PM\src\components</Filter>
		</ClInclude>
		<ClInclude Include="..\..\..\addons\ofxDatGui_PM\src\components\ofxDatGuiScrollView.h">
			<Filter>addons\ofxDatGui_PM\src\components</Filter>
		</ClInclude>
		<ClInclude Include="..\..\..\addons\ofxDatGui_PM\src\components\ofxDatGuiSlider.h">
			<Filter>addons\ofxDatGui_PM\src\components</Filter>
		</ClInclude>
		<ClInclude Include="..\..\..\addons\ofxDatGui_PM\src\components\ofxDatGuiTextInput.h">
			<Filter>addons\ofxDatGui_PM\src\components</Filter>
		</ClInclude>
		<ClInclude Include="..\..\..\addons\ofxDatGui_PM\src\components\ofxDatGuiTextInputField.h">
			<Filter>addons\ofxDatGui_PM\src\components</Filter>
		</ClInclude>
		<ClInclude Include="..\..\..\addons\ofxDatGui_PM\src\components\ofxDatGuiTimeGraph.h">
			<Filter>addons\ofxDatGui_PM\src\components</Filter>
		</ClInclude>
		<ClInclude Include="..\..\..\addons\ofxDatGui_PM\src\core\ofxDatGuiComponent.h">
			<Filter>addons\ofxDatGui_PM\src\core</Filter>
		</ClInclude>
		<ClInclude Include="..\..\..\addons\ofxDatGui_PM\src\core\ofxDatGuiConstants.h">
			<Filter>addons\ofxDatGui_PM\src\core</Filter>
		</ClInclude>
		<ClInclude Include="..\..\..\addons\ofxDatGui_PM\src\core\ofxDatGuiEvents.h">
			<Filter>addons\ofxDatGui_PM\src\core</Filter>
		</ClInclude>
		<ClInclude Include="..\..\..\addons\ofxDatGui_PM\src\core\ofxDatGuiIntObject.h">
			<Filter>addons\ofxDatGui_PM\src\core</Filter>
		</ClInclude>
		<ClInclude Include="..\..\..\addons\ofxDatGui_PM\src\libs\ofxSmartFont\ofxSmartFont.h">
			<Filter>addons\ofxDatGui_PM\src\libs\ofxSmartFont</Filter>
		</ClInclude>
		<ClInclude Include="..\..\..\addons\ofxDatGui_PM\src\ofxDatGui.h">
			<Filter>addons\ofxDatGui_PM\src</Filter>
		</ClInclude>
		<ClInclude Include="..\..\..\addons\ofxDatGui_PM\src\themes\ofxDatGuiTheme.h">
			<Filter>addons\ofxDatGui_PM\src\themes</Filter>
		</ClInclude>
		<ClInclude Include="..\..\..\addons\ofxDatGui_PM\src\themes\ofxDatGuiThemes.h">
			<Filter>addons\ofxDatGui_PM\src\themes</Filter>
		</ClInclude>
		<ClInclude Include="..\..\..\addons\ofxExprtk\src\ofxExprtk.h">
			<Filter>addons\ofxExprtk\src</Filter>
		</ClInclude>
		<ClInclude Include="..\..\..\addons\ofxExprtk\libs\exprtk\exprtk.hpp">
			<Filter>addons\ofxExprtk\libs\exprtk</Filter>
		</ClInclude>
		<ClInclude Include="..\..\..\addons\ofxMidi\src\desktop\ofxRtMidiIn.h">
			<Filter>addons\ofxMidi\src\desktop</Filter>
		</ClInclude>
		<ClInclude Include="..\..\..\addons\ofxMidi\src\desktop\ofxRtMidiOut.h">
			<Filter>addons\ofxMidi\src\desktop</Filter>
		</ClInclude>
		<ClInclude Include="..\..\..\addons\ofxMidi\src\ofxBaseMidi.h">
			<Filter>addons\ofxMidi\src</Filter>
		</ClInclude>
		<ClInclude Include="..\..\..\addons\ofxMidi\src\ofxMidi.h">
			<Filter>addons\ofxMidi\src</Filter>
		</ClInclude>
		<ClInclude Include="..\..\..\addons\ofxMidi\src\ofxMidiConstants.h">
			<Filter>addons\ofxMidi\src</Filter>
		</ClInclude>
		<ClInclude Include="..\..\..\addons\ofxMidi\src\ofxMidiIn.h">
			<Filter>addons\ofxMidi\src</Filter>
		</ClInclude>
		<ClInclude Include="..\..\..\addons\ofxMidi\src\ofxMidiMessage.h">
			<Filter>addons\ofxMidi\src</Filter>
		</ClInclude>
		<ClInclude Include="..\..\..\addons\ofxMidi\src\ofxMidiOut.h">
			<Filter>addons\ofxMidi\src</Filter>
		</ClInclude>
		<ClInclude Include="..\..\..\addons\ofxMidi\src\ofxMidiTypes.h">
			<Filter>addons\ofxMidi\src</Filter>
		</ClInclude>
		<ClInclude Include="..\..\..\addons\ofxMidi\libs\rtmidi\RtMidi.h">
			<Filter>addons\ofxMidi\libs\rtmidi</Filter>
		</ClInclude>
		<ClInclude Include="..\..\..\addons\ofxOsc\src\ofxOsc.h">
			<Filter>addons\ofxOsc\src</Filter>
		</ClInclude>
		<ClInclude Include="..\..\..\addons\ofxOsc\src\ofxOscArg.h">
			<Filter>addons\ofxOsc\src</Filter>
		</ClInclude>
		<ClInclude Include="..\..\..\addons\ofxOsc\src\ofxOscBundle.h">
			<Filter>addons\ofxOsc\src</Filter>
		</ClInclude>
		<ClInclude Include="..\..\..\addons\ofxOsc\src\ofxOscMessage.h">
			<Filter>addons\ofxOsc\src</Filter>
		</ClInclude>
		<ClInclude Include="..\..\..\addons\ofxOsc\src\ofxOscParameterSync.h">
			<Filter>addons\ofxOsc\src</Filter>
		</ClInclude>
		<ClInclude Include="..\..\..\addons\ofxOsc\src\ofxOscReceiver.h">
			<Filter>addons\ofxOsc\src</Filter>
		</ClInclude>
		<ClInclude Include="..\..\..\addons\ofxOsc\src\ofxOscSender.h">
			<Filter>addons\ofxOsc\src</Filter>
		</ClInclude>
		<ClInclude Include="..\..\..\addons\ofxOsc\libs\oscpack\src\ip\IpEndpointName.h">
			<Filter>addons\ofxOsc\libs\oscpack\src\ip</Filter>
		</ClInclude>
		<ClInclude Include="..\..\..\addons\ofxOsc\libs\oscpack\src\ip\NetworkingUtils.h">
			<Filter>addons\ofxOsc\libs\oscpack\src\ip</Filter>
		</ClInclude>
		<ClInclude Include="..\..\..\addons\ofxOsc\libs\oscpack\src\ip\PacketListener.h">
			<Filter>addons\ofxOsc\libs\oscpack\src\ip</Filter>
		</ClInclude>
		<ClInclude Include="..\..\..\addons\ofxOsc\libs\oscpack\src\ip\TimerListener.h">
			<Filter>addons\ofxOsc\libs\oscpack\src\ip</Filter>
		</ClInclude>
		<ClInclude Include="..\..\..\addons\ofxOsc\libs\oscpack\src\ip\UdpSocket.h">
			<Filter>addons\ofxOsc\libs\oscpack\src\ip</Filter>
		</ClInclude>
		<ClInclude Include="..\..\..\addons\ofxOsc\libs\oscpack\src\osc\MessageMappingOscPacketListener.h">
			<Filter>addons\ofxOsc\libs\oscpack\src\osc</Filter>
		</ClInclude>
		<ClInclude Include="..\..\..\addons\ofxOsc\libs\oscpack\src\osc\OscException.h">
			<Filter>addons\ofxOsc\libs\oscpack\src\osc</Filter>
		</ClInclude>
		<ClInclude Include="..\..\..\addons\ofxOsc\libs\oscpack\src\osc\OscHostEndianness.h">
			<Filter>addons\ofxOsc\libs\oscpack\src\osc</Filter>
		</ClInclude>
		<ClInclude Include="..\..\..\addons\ofxOsc\libs\oscpack\src\osc\OscOutboundPacketStream.h">
			<Filter>addons\ofxOsc\libs\oscpack\src\osc</Filter>
		</ClInclude>
		<ClInclude Include="..\..\..\addons\ofxOsc\libs\oscpack\src\osc\OscPacketListener.h">
			<Filter>addons\ofxOsc\libs\oscpack\src\osc</Filter>
		</ClInclude>
		<ClInclude Include="..\..\..\addons\ofxOsc\libs\oscpack\src\osc\OscPrintReceivedElements.h">
			<Filter>addons\ofxOsc\libs\oscpack\src\osc</Filter>
		</ClInclude>
		<ClInclude Include="..\..\..\addons\ofxOsc\libs\oscpack\src\osc\OscReceivedElements.h">
			<Filter>addons\ofxOsc\libs\oscpack\src\osc</Filter>
		</ClInclude>
		<ClInclude Include="..\..\..\addons\ofxOsc\libs\oscpack\src\osc\OscTypes.h">
			<Filter>addons\ofxOsc\libs\oscpack\src\osc</Filter>
		</ClInclude>
		<ClInclude Include="..\..\..\addons\ofxSpout\src\ofxSpout\Receiver.h">
			<Filter>addons\ofxSpout\src\ofxSpout</Filter>
		</ClInclude>
		<ClInclude Include="..\..\..\addons\ofxSpout\src\ofxSpout\Sender.h">
			<Filter>addons\ofxSpout\src\ofxSpout</Filter>
		</ClInclude>
		<ClInclude Include="..\..\..\addons\ofxSpout\src\ofxSpout\Utils.h">
			<Filter>addons\ofxSpout\src\ofxSpout</Filter>
		</ClInclude>
		<ClInclude Include="..\..\..\addons\ofxSpout\src\ofxSpout.h">
			<Filter>addons\ofxSpout\src</Filter>
		</ClInclude>
		<ClInclude Include="..\..\..\addons\ofxSpout\libs\SpoutSDK\src\Spout.h">
			<Filter>addons\ofxSpout\libs\SpoutSDK\src</Filter>
		</ClInclude>
		<ClInclude Include="..\..\..\addons\ofxSpout\libs\SpoutSDK\src\SpoutCommon.h">
			<Filter>addons\ofxSpout\libs\SpoutSDK\src</Filter>
		</ClInclude>
		<ClInclude Include="..\..\..\addons\ofxSpout\libs\SpoutSDK\src\SpoutDirectX.h">
			<Filter>addons\ofxSpout\libs\SpoutSDK\src</Filter>
		</ClInclude>
		<ClInclude Include="..\..\..\addons\ofxSpout\libs\SpoutSDK\src\SpoutGLDXinterop.h">
			<Filter>addons\ofxSpout\libs\SpoutSDK\src</Filter>
		</ClInclude>
		<ClInclude Include="..\..\..\addons\ofxSpout\libs\SpoutSDK\src\SpoutGLextensions.h">
			<Filter>addons\ofxSpout\libs\SpoutSDK\src</Filter>
		</ClInclude>
		<ClInclude Include="..\..\..\addons\ofxSpout\libs\SpoutSDK\src\SpoutMemoryShare.h">
			<Filter>addons\ofxSpout\libs\SpoutSDK\src</Filter>
		</ClInclude>
		<ClInclude Include="..\..\..\addons\ofxSpout\libs\SpoutSDK\src\SpoutReceiver.h">
			<Filter>addons\ofxSpout\libs\SpoutSDK\src</Filter>
		</ClInclude>
		<ClInclude Include="..\..\..\addons\ofxSpout\libs\SpoutSDK\src\SpoutSDK.h">
			<Filter>addons\ofxSpout\libs\SpoutSDK\src</Filter>
		</ClInclude>
		<ClInclude Include="..\..\..\addons\ofxSpout\libs\SpoutSDK\src\SpoutSender.h">
			<Filter>addons\ofxSpout\libs\SpoutSDK\src</Filter>
		</ClInclude>
		<ClInclude Include="..\..\..\addons\ofxSpout\libs\SpoutSDK\src\SpoutSenderNames.h">
			<Filter>addons\ofxSpout\libs\SpoutSDK\src</Filter>
		</ClInclude>
		<ClInclude Include="..\..\..\addons\ofxSpout\libs\SpoutSDK\src\SpoutSharedMemory.h">
			<Filter>addons\ofxSpout\libs\SpoutSDK\src</Filter>
		</ClInclude>
		<ClInclude Include="..\..\..\addons\ofxTweenzor\src\ofxTweenzor.h">
			<Filter>addons\ofxTweenzor\src</Filter>
		</ClInclude>
		<ClInclude Include="..\..\..\addons\ofxTweenzor\src\Tween.h">
			<Filter>addons\ofxTweenzor\src</Filter>
		</ClInclude>
		<ClInclude Include="..\..\..\addons\ofxTweenzor\src\TweenEvent.h">
			<Filter>addons\ofxTweenzor\src</Filter>
		</ClInclude>
		<ClInclude Include="..\..\..\addons\ofxTweenzor\src\TweenFunctions.h">
			<Filter>addons\ofxTweenzor\src</Filter>
		</ClInclude>
		<ClInclude Include="..\..\..\addons\ofxTweenzor\src\TweenSelector.h">
			<Filter>addons\ofxTweenzor\src</Filter>
		</ClInclude>
		<ClInclude Include="..\..\..\addons\ofxTweenzor\src\Tweenzor.h">
			<Filter>addons\ofxTweenzor\src</Filter>
		</ClInclude>
	</ItemGroup>
	<ItemGroup>
		<ResourceCompile Include="icon.rc" />
	</ItemGroup>
</Project>
